
Microsoft Visual Studio Solution File, Format Version 12.00
# Visual Studio Version 17
VisualStudioVersion = 17.11.35312.102
MinimumVisualStudioVersion = 10.0.40219.1
Project("{FAE04EC0-301F-11D3-BF4B-00C04F79EFBC}") = "LapTrinhTrucQuangProjectTest", "LapTrinhTrucQuangProjectTest.csproj", "{A342B0AA-2BB1-4B32-B5ED-678BA24D4CEF}"
EndProject
Global
	GlobalSection(SolutionConfigurationPlatforms) = preSolution
		Debug|Any CPU = Debug|Any CPU
		Release|Any CPU = Release|Any CPU
	EndGlobalSection
	GlobalSection(ProjectConfigurationPlatforms) = postSolution
		{A342B0AA-2BB1-4B32-B5ED-678BA24D4CEF}.Debug|Any CPU.ActiveCfg = Debug|Any CPU
		{A342B0AA-2BB1-4B32-B5ED-678BA24D4CEF}.Debug|Any CPU.Build.0 = Debug|Any CPU
		{A342B0AA-2BB1-4B32-B5ED-678BA24D4CEF}.Release|Any CPU.ActiveCfg = Release|Any CPU
		{A342B0AA-2BB1-4B32-B5ED-678BA24D4CEF}.Release|Any CPU.Build.0 = Release|Any CPU
	EndGlobalSection
	GlobalSection(SolutionProperties) = preSolution
		HideSolutionNode = FALSE
	EndGlobalSection
	GlobalSection(ExtensibilityGlobals) = postSolution
		SolutionGuid = {D2F221FB-9036-4A43-9745-6DB21D12CDA0}
	EndGlobalSection
EndGlobal
